{
  "version": 1,
  "dependencies": {
    "net10.0-windows7.0": {
      "DalamudPackager": {
        "type": "Direct",
        "requested": "[15.0.0, )",
        "resolved": "15.0.0",
        "contentHash": "411vwC8/X8Z/sQ2TI6v3SvOn66xFPeOjFn3Zn+h0d3Ox2t1kFm66AhDvmx/qcMwVrR+Hidxj0dadpQ2dgyXMBQ=="
      },
      "DotNet.ReproducibleBuilds": {
        "type": "Direct",
        "requested": "[1.2.39, )",
        "resolved": "1.2.39",
        "contentHash": "fcFN01tDTIQqDuTwr1jUQK/geofiwjG5DycJQOnC72i1SsLAk1ELe+apBOuZ11UMQG8YKFZG1FgvjZPbqHyatg=="
      },
      "Microsoft.Extensions.DependencyInjection": {
        "type": "Direct",
        "requested": "[10.0.9, )",
        "resolved": "10.0.9",
        "contentHash": "NijozhERJDIaJ4k5TSMy1jOi0cSC2HfkvRD/Sl+kGSSKgVbFnF4GxgtMN/MrzHB8D1JxIrD4xSer9Blh9v3axQ==",
        "dependencies": {
          "Microsoft.Extensions.DependencyInjection.Abstractions": "10.0.9"
        }
      },
      "Microsoft.Extensions.Logging": {
        "type": "Direct",
        "requested": "[10.0.9, )",
        "resolved": "10.0.9",
        "contentHash": "N7Gm9SjugYjmmnhwbBKC9DFqGqjfJvh6YfOJgtwh0AW0Xpok3dIVors1ik050XmUxKAgAc7nNngDIJyFb06K2g==",
        "dependencies": {
          "Microsoft.Extensions.DependencyInjection": "10.0.9",
          "Microsoft.Extensions.Logging.Abstractions": "10.0.9",
          "Microsoft.Extensions.Options": "10.0.9"
        }
      },
      "NexusKit.ChatNotifications": {
        "type": "Direct",
        "requested": "[0.3.0, )",
        "resolved": "0.3.0",
        "contentHash": "7jkWmPpkTXwEhTI8XEfOWUgC6g9qa4C8DyvEJbouPLE3VAVWPuX00HdyWLNE2xrLteA3R41nzsn0YmE5qzZ6ww==",
        "dependencies": {
          "NexusKit.Core": "0.3.0",
          "NexusKit.Persistence": "0.3.0",
          "NexusKit.Ui": "0.3.0"
        }
      },
      "NexusKit.Core": {
        "type": "Direct",
        "requested": "[0.3.0, )",
        "resolved": "0.3.0",
        "contentHash": "XQZFTtErX8enQ79GBFU9Ka7LATqdYXW0xjICe+DBHeuPnplRlmCUToqnOycq1yFTCQWgo4juAxp59FAQmCszuA==",
        "dependencies": {
          "Microsoft.Extensions.DependencyInjection.Abstractions": "10.0.8"
        }
      },
      "NexusKit.GameData": {
        "type": "Direct",
        "requested": "[0.3.0, )",
        "resolved": "0.3.0",
        "contentHash": "hwrhVLFXPlSG7ylFwPqYH7Vp55MEoL+f2aBNGbbfL1sjgc8Cx0GWg1SDc0UdAPVXRlDQ7IOZUMG2+2SxSEf85Q==",
        "dependencies": {
          "NexusKit.Core": "0.3.0"
        }
      },
      "NexusKit.Hosting": {
        "type": "Direct",
        "requested": "[0.3.0, )",
        "resolved": "0.3.0",
        "contentHash": "ay5VjgCzsa9qKoQ90bNp+lJP+xpzRRmoDMg37OfIJWTaH2nD6xd+ohgQvxWUweFo/84L2KgYIe9jDU41ehHMBw==",
        "dependencies": {
          "Microsoft.Extensions.DependencyInjection": "10.0.8",
          "Microsoft.Extensions.Logging": "10.0.8",
          "NexusKit.Core": "0.3.0",
          "NexusKit.Persistence": "0.3.0"
        }
      },
      "NexusKit.Ipc": {
        "type": "Direct",
        "requested": "[0.3.0, )",
        "resolved": "0.3.0",
        "contentHash": "kmcNiSfLYDmwLujGTbKfCbDKtUUAtCBOzoDco1yQgrbqsORUJx/YJPbUlGZXu9KyFBNz72pwHk0sbXYOpsgomw==",
        "dependencies": {
          "NexusKit.Core": "0.3.0"
        }
      },
      "NexusKit.Modules.PlayerEnrichment": {
        "type": "Direct",
        "requested": "[0.1.2, )",
        "resolved": "0.1.2",
        "contentHash": "5dFFWNw7/PEXa03tibfyHB5NOzvVb9Sathdh2M8g5k/8t67nPNuKijj2VAhwUwondANBH/LaKnDvfNOzqrnRTw==",
        "dependencies": {
          "Microsoft.Extensions.DependencyInjection.Abstractions": "10.0.8",
          "Microsoft.Extensions.Logging.Abstractions": "10.0.8",
          "NexusKit.Core": "0.2.1",
          "NexusKit.Modules.ExternalData": "0.1.2",
          "NexusKit.Modules.InternalData": "0.1.2",
          "NexusKit.Persistence": "0.2.1",
          "NexusKit.Ui": "0.2.1"
        }
      },
      "NexusKit.Modules.PluginBridge": {
        "type": "Direct",
        "requested": "[0.1.2, )",
        "resolved": "0.1.2",
        "contentHash": "qOl4xu8yioFhFPIECOinG3E5J1D4jHuDpo4kf/G7o1bvi9Ty1dyz9wdwBA+pJ53j1UeMgSPH3t5oBOFUsC2Rsg==",
        "dependencies": {
          "Microsoft.Extensions.Logging.Abstractions": "10.0.8",
          "NexusKit.Core": "0.2.1",
          "NexusKit.GameData": "0.2.1"
        }
      },
      "NexusKit.Persistence": {
        "type": "Direct",
        "requested": "[0.3.0, )",
        "resolved": "0.3.0",
        "contentHash": "8uGO9zPJj+LEp2hlvTw1d7HUf33c/aujrR6UCLXFXDIrt6IUYF3axG8V/mO/rNinoXn++a1tTI9l55AnSFVGEw==",
        "dependencies": {
          "Microsoft.EntityFrameworkCore": "10.0.8",
          "Microsoft.EntityFrameworkCore.Sqlite": "10.0.8",
          "NexusKit.Core": "0.3.0"
        }
      },
      "NexusKit.Ui": {
        "type": "Direct",
        "requested": "[0.3.0, )",
        "resolved": "0.3.0",
        "contentHash": "/IgySLiBuBmeDbtptouENO+7PHCTEUgCcpwB2FQyiladqC/Zt+rwj7DPauszxDq2IUkopC8MvV7Gfe1oI350Dw==",
        "dependencies": {
          "NexusKit.Core": "0.3.0",
          "NexusKit.Persistence": "0.3.0"
        }
      },
      "HtmlAgilityPack": {
        "type": "Transitive",
        "resolved": "1.12.4",
        "contentHash": "ljqvBabvFwKoLniuoQKO8b5bJfJweKLs4fUNS/V5dsvpo0A8MlJqxxn9XVmP2DaskbUXty6IYaWAi1SArGIMeQ=="
      },
      "Karashiiro.HtmlAgilityPack.CssSelectors.NetCoreFork": {
        "type": "Transitive",
        "resolved": "0.0.2",
        "contentHash": "+7cqe/+tN7gDW36pgrefSeyAQvhqznM34D0uTwnETgU25iAC6boPtblxbrMluW5rA9o6MzjEg4qZK7WrnT+tSw==",
        "dependencies": {
          "HtmlAgilityPack": "1.11.46"
        }
      },
      "Microsoft.Data.Sqlite.Core": {
        "type": "Transitive",
        "resolved": "10.0.8",
        "contentHash": "26t7WDiEjjAls/sFpWvVEFDxt+7Q5VPt6+blU2Lafuj9L8PzAv/GtGV4cqVPtrhWbfD2BX/z2v8hD1qXYtK6Aw==",
        "dependencies": {
          "SQLitePCLRaw.core": "2.1.11"
        }
      },
      "Microsoft.EntityFrameworkCore": {
        "type": "Transitive",
        "resolved": "10.0.8",
        "contentHash": "EJx+fIBMgBlgD+ublKCn+GTOJkw3UqV7xOjYWBRVdUYyIm8UfvAsmSOPFiIInsWTHyMEYUJ9gCJY1jwX+6UB7w==",
        "dependencies": {
          "Microsoft.EntityFrameworkCore.Abstractions": "10.0.8",
          "Microsoft.EntityFrameworkCore.Analyzers": "10.0.8",
          "Microsoft.Extensions.Caching.Memory": "10.0.8",
          "Microsoft.Extensions.Logging": "10.0.8"
        }
      },
      "Microsoft.EntityFrameworkCore.Abstractions": {
        "type": "Transitive",
        "resolved": "10.0.8",
        "contentHash": "jbKDXWPZQhuPHygMnwzNOqxBADVcpRVytcKYZsA++QqhPkpF93Ta8o5mbJQGrARSjlkr9WtOaADV97EDMOZ7DA=="
      },
      "Microsoft.EntityFrameworkCore.Analyzers": {
        "type": "Transitive",
        "resolved": "10.0.8",
        "contentHash": "M3BZ8JH8rB6BE7dO2g9iVbrHLnEz9wMXT6q+tDR6Nq3gyP3KmBj5OTiZGxyF3vesjOQNKanYoPGSNBR4kR2llg=="
      },
      "Microsoft.EntityFrameworkCore.Relational": {
        "type": "Transitive",
        "resolved": "10.0.8",
        "contentHash": "UU3diAD2wwZveye2rnrwaF/wvJ9tm5iL2fuY9TTap6/iGQK1OO29M1BzXZRlRPVH/dByt5w/pISBSFtyR7hTqw==",
        "dependencies": {
          "Microsoft.EntityFrameworkCore": "10.0.8",
          "Microsoft.Extensions.Caching.Memory": "10.0.8",
          "Microsoft.Extensions.Configuration.Abstractions": "10.0.8",
          "Microsoft.Extensions.Logging": "10.0.8"
        }
      },
      "Microsoft.EntityFrameworkCore.Sqlite": {
        "type": "Transitive",
        "resolved": "10.0.8",
        "contentHash": "8BGSSKBDDBC8s6ye1Y2Ar1BToeZHLHOzUn0nAOng4Z+8dJ4KQKC/1qYFPgRYchDCOMQh98REHco8SrrMYsHuMQ==",
        "dependencies": {
          "Microsoft.EntityFrameworkCore.Sqlite.Core": "10.0.8",
          "Microsoft.Extensions.Caching.Memory": "10.0.8",
          "Microsoft.Extensions.Configuration.Abstractions": "10.0.8",
          "Microsoft.Extensions.DependencyModel": "10.0.8",
          "Microsoft.Extensions.Logging": "10.0.8",
          "SQLitePCLRaw.bundle_e_sqlite3": "2.1.11",
          "SQLitePCLRaw.core": "2.1.11"
        }
      },
      "Microsoft.EntityFrameworkCore.Sqlite.Core": {
        "type": "Transitive",
        "resolved": "10.0.8",
        "contentHash": "cFRBlY3sCoVX5JFDrRHQQHcbSms7CwBjjeuVEgQ4KP8WzPopgwNk3sJ0k7xKkIl0b9eUFJ0IR0aZwElT9154Ag==",
        "dependencies": {
          "Microsoft.Data.Sqlite.Core": "10.0.8",
          "Microsoft.EntityFrameworkCore.Relational": "10.0.8",
          "Microsoft.Extensions.Caching.Memory": "10.0.8",
          "Microsoft.Extensions.Configuration.Abstractions": "10.0.8",
          "Microsoft.Extensions.DependencyModel": "10.0.8",
          "Microsoft.Extensions.Logging": "10.0.8",
          "SQLitePCLRaw.core": "2.1.11"
        }
      },
      "Microsoft.Extensions.Caching.Abstractions": {
        "type": "Transitive",
        "resolved": "10.0.8",
        "contentHash": "EoK2TwVR1daxmfXUPnvIYZSk5XQjHe45sGekox4kvMt88KQZQhDVzYW5Na5+oNwTuRpE48hipyGJg12F1Tm70w==",
        "dependencies": {
          "Microsoft.Extensions.Primitives": "10.0.8"
        }
      },
      "Microsoft.Extensions.Caching.Memory": {
        "type": "Transitive",
        "resolved": "10.0.8",
        "contentHash": "sYMYQjNprfqPTryuLNnr0/AOtnhlfuZ0ZxyOV0d3AXOEL8j9KV0EbelpZYyIatT2hJiaSGO9XGr5YDRsh22OfQ==",
        "dependencies": {
          "Microsoft.Extensions.Caching.Abstractions": "10.0.8",
          "Microsoft.Extensions.DependencyInjection.Abstractions": "10.0.8",
          "Microsoft.Extensions.Logging.Abstractions": "10.0.8",
          "Microsoft.Extensions.Options": "10.0.8",
          "Microsoft.Extensions.Primitives": "10.0.8"
        }
      },
      "Microsoft.Extensions.Configuration": {
        "type": "Transitive",
        "resolved": "10.0.8",
        "contentHash": "ehZcoPbjzWzS4XFvuz7R3V55SmpdkyMqFURLH3yXaN9NtXd9tR6CGB7pd49HYtCkenl+G7ctXSFLhNI08xLfRg==",
        "dependencies": {
          "Microsoft.Extensions.Configuration.Abstractions": "10.0.8",
          "Microsoft.Extensions.Primitives": "10.0.8"
        }
      },
      "Microsoft.Extensions.Configuration.Abstractions": {
        "type": "Transitive",
        "resolved": "10.0.8",
        "contentHash": "I63esIFbL3h5pSt7gXpXOlmcwDmYBUoYNEglKfDPFUqtYvSV84f2l28hO2lfVXsV0wdlplgAM7IVz16matapSg==",
        "dependencies": {
          "Microsoft.Extensions.Primitives": "10.0.8"
        }
      },
      "Microsoft.Extensions.Configuration.Binder": {
        "type": "Transitive",
        "resolved": "10.0.8",
        "contentHash": "R3NN1X+kVu14uoxLEW6sBSQyhogDSbaOQzILnCtuXxBN4hx22AgjWPwZX6v/suERFkEDgU1lk12AglHTrUxhlw==",
        "dependencies": {
          "Microsoft.Extensions.Configuration": "10.0.8",
          "Microsoft.Extensions.Configuration.Abstractions": "10.0.8"
        }
      },
      "Microsoft.Extensions.DependencyInjection.Abstractions": {
        "type": "Transitive",
        "resolved": "10.0.9",
        "contentHash": "g41l/30G3K4B/d/L8kjux0+30e27c8D0FVQ/PFCpbekgfDpj9mnDhieP67EqXWvl1EWNeZh2rpR4F5B/jcDOHA=="
      },
      "Microsoft.Extensions.DependencyModel": {
        "type": "Transitive",
        "resolved": "10.0.8",
        "contentHash": "vLyZVpxmduO2jx+76ggqnsA3m81kwMY3NkWciNTj5E+Nvqb0VihqCvQP89QsGONWp0AJwMZG+u9GzaCjDdFGNw=="
      },
      "Microsoft.Extensions.Diagnostics": {
        "type": "Transitive",
        "resolved": "10.0.8",
        "contentHash": "uduyw9d3Fi+sbredO5drA1S44AQS2FRNFyn72UmB2vmQIO1qaXprpp1U/2lYhYi8yFdVERfY9sy/pxw/qPOU9w==",
        "dependencies": {
          "Microsoft.Extensions.Configuration": "10.0.8",
          "Microsoft.Extensions.Diagnostics.Abstractions": "10.0.8",
          "Microsoft.Extensions.Options.ConfigurationExtensions": "10.0.8"
        }
      },
      "Microsoft.Extensions.Diagnostics.Abstractions": {
        "type": "Transitive",
        "resolved": "10.0.8",
        "contentHash": "+f4C5g78QCGNyxzUfrTYsB7qYx06Zca0e88s3qFlea9/lQhgPImYdNprlgzl1uHhRU3fVHLfmbijayU2sJEZ6w==",
        "dependencies": {
          "Microsoft.Extensions.DependencyInjection.Abstractions": "10.0.8",
          "Microsoft.Extensions.Options": "10.0.8"
        }
      },
      "Microsoft.Extensions.Http": {
        "type": "Transitive",
        "resolved": "10.0.8",
        "contentHash": "/9LU/KWJOrtZJB9ymPjcARDyjp679BvBA/aSncv2Kt84WlSKz767HtxHg8EFsu8n21BMLZi+5XxlkKbLwfn4iA==",
        "dependencies": {
          "Microsoft.Extensions.Configuration.Abstractions": "10.0.8",
          "Microsoft.Extensions.DependencyInjection.Abstractions": "10.0.8",
          "Microsoft.Extensions.Diagnostics": "10.0.8",
          "Microsoft.Extensions.Logging": "10.0.8",
          "Microsoft.Extensions.Logging.Abstractions": "10.0.8",
          "Microsoft.Extensions.Options": "10.0.8"
        }
      },
      "Microsoft.Extensions.Logging.Abstractions": {
        "type": "Transitive",
        "resolved": "10.0.9",
        "contentHash": "9S/DFt4cohlMPpzIxjG6kk0L8MuN2vDm9pbMCulxtJzzk82oJHVLBd8vuQxaPskaYQwKqmFmbannf5eoChgjYg==",
        "dependencies": {
          "Microsoft.Extensions.DependencyInjection.Abstractions": "10.0.9"
        }
      },
      "Microsoft.Extensions.Options": {
        "type": "Transitive",
        "resolved": "10.0.9",
        "contentHash": "hyNdX4c2UwkRkzb9byw0H2DQkRzwBM3mzY2sCM9egwzTyg8dvQJmp5noQHGEaaCORQrNK3DD2gREBsc2DlXS4A==",
        "dependencies": {
          "Microsoft.Extensions.DependencyInjection.Abstractions": "10.0.9",
          "Microsoft.Extensions.Primitives": "10.0.9"
        }
      },
      "Microsoft.Extensions.Options.ConfigurationExtensions": {
        "type": "Transitive",
        "resolved": "10.0.8",
        "contentHash": "VOapXeO3lhBH0zYoyAH7tjapuo4V5pTHlevPpiSHueEquAajqd5nF0mttm+h/uE/exwAEuM5s26SzOJtletE3w==",
        "dependencies": {
          "Microsoft.Extensions.Configuration.Abstractions": "10.0.8",
          "Microsoft.Extensions.Configuration.Binder": "10.0.8",
          "Microsoft.Extensions.DependencyInjection.Abstractions": "10.0.8",
          "Microsoft.Extensions.Options": "10.0.8",
          "Microsoft.Extensions.Primitives": "10.0.8"
        }
      },
      "Microsoft.Extensions.Primitives": {
        "type": "Transitive",
        "resolved": "10.0.9",
        "contentHash": "fmEbAUFsaIKirgLt/lYhuFRBwhcSJN31jjHgCdbQxJiWOum6EdLjkbgGuukSP9z/a+9LibaxII/kF+GwOXgC4g=="
      },
      "NetStone": {
        "type": "Transitive",
        "resolved": "1.4.1",
        "contentHash": "uJawEi8Bf66tOQwZ1UHIEuqY7QD3by79iZAy10YOz0p24+wDB9vEl/3QCEXw5pxBIVGGa2GnQ7m5gT8OmXjMOQ==",
        "dependencies": {
          "HtmlAgilityPack": "1.11.46",
          "Karashiiro.HtmlAgilityPack.CssSelectors.NetCoreFork": "0.0.2",
          "Newtonsoft.Json": "13.0.3"
        }
      },
      "Newtonsoft.Json": {
        "type": "Transitive",
        "resolved": "13.0.3",
        "contentHash": "HrC5BXdl00IP9zeV+0Z848QWPAoCr9P3bDEZguI+gkLcBKAOxix/tLEAAHC+UvDNPv4a2d18lOReHMOagPa+zQ=="
      },
      "NexusKit.Modules.ExternalData": {
        "type": "Transitive",
        "resolved": "0.1.2",
        "contentHash": "TdjeL42KY/8ArdmBtr3YgPEQTC/4NqH6xgn/cLIYRpvWtrWB2byWCwC7Ozm8f19irsTtZYRznaJS1RNLmTx08w==",
        "dependencies": {
          "Microsoft.Extensions.DependencyInjection.Abstractions": "10.0.8",
          "Microsoft.Extensions.Logging.Abstractions": "10.0.8",
          "NexusKit.Core": "0.2.1",
          "NexusKit.GameData": "0.2.1",
          "NexusKit.Modules.FfxivCollect": "0.1.2",
          "NexusKit.Modules.Lodestone": "0.1.2",
          "NexusKit.Persistence": "0.2.1"
        }
      },
      "NexusKit.Modules.FfxivCollect": {
        "type": "Transitive",
        "resolved": "0.1.2",
        "contentHash": "OWy6ZH7zudhs8rZskBfm2t3v7mQVsXw/mf/ptL97psMLFrUgqv0Qb0K9hGVX+KsMumsgvyV83rKsuPqC1KVUbg==",
        "dependencies": {
          "Microsoft.Extensions.Http": "10.0.8",
          "Microsoft.Extensions.Logging.Abstractions": "10.0.8",
          "NexusKit.Core": "0.2.1",
          "NexusKit.Persistence": "0.2.1"
        }
      },
      "NexusKit.Modules.InternalData": {
        "type": "Transitive",
        "resolved": "0.1.2",
        "contentHash": "utRMADSi2lLLzP11n7loYmTPQkHbwNot4SUg+TZmZ35sgeNfKr8TzUecvAcrzvCO2m+tjNgIqP0jZJkBnFjU4Q==",
        "dependencies": {
          "Microsoft.Extensions.DependencyInjection.Abstractions": "10.0.8",
          "Microsoft.Extensions.Logging.Abstractions": "10.0.8",
          "NexusKit.Core": "0.2.1",
          "NexusKit.GameData": "0.2.1",
          "NexusKit.Persistence": "0.2.1"
        }
      },
      "NexusKit.Modules.Lodestone": {
        "type": "Transitive",
        "resolved": "0.1.2",
        "contentHash": "YQBDYan40rexLgHcIWs+Fxi340JDgBJNt6TGo8r+l5JrOq2qxT54pladtEEuHPtArvAQimE3BxNl1nl2MJdTUQ==",
        "dependencies": {
          "HtmlAgilityPack": "1.12.4",
          "Microsoft.Extensions.Logging.Abstractions": "10.0.8",
          "NetStone": "1.4.1",
          "NexusKit.Core": "0.2.1",
          "NexusKit.Persistence": "0.2.1"
        }
      },
      "SQLitePCLRaw.bundle_e_sqlite3": {
        "type": "Transitive",
        "resolved": "2.1.11",
        "contentHash": "DC4nA7yWnf4UZdgJDF+9Mus4/cb0Y3Sfgi3gDnAoKNAIBwzkskNAbNbyu+u4atT0ruVlZNJfwZmwiEwE5oz9LQ==",
        "dependencies": {
          "SQLitePCLRaw.lib.e_sqlite3": "2.1.11",
          "SQLitePCLRaw.provider.e_sqlite3": "2.1.11"
        }
      },
      "SQLitePCLRaw.core": {
        "type": "Transitive",
        "resolved": "2.1.11",
        "contentHash": "PK0GLFkfhZzLQeR3PJf71FmhtHox+U3vcY6ZtswoMjrefkB9k6ErNJEnwXqc5KgXDSjige2XXrezqS39gkpQKA=="
      },
      "SQLitePCLRaw.lib.e_sqlite3": {
        "type": "Transitive",
        "resolved": "2.1.11",
        "contentHash": "Ev2ytaXiOlWZ4b3R67GZBsemTINslLD1DCJr2xiacpn4tbapu0Q4dHEzSvZSMnVWeE5nlObU3VZN2p81q3XOYQ=="
      },
      "SQLitePCLRaw.provider.e_sqlite3": {
        "type": "Transitive",
        "resolved": "2.1.11",
        "contentHash": "Y/0ZkR+r0Cg3DQFuCl1RBnv/tmxpIZRU3HUvelPw6MVaKHwYYR8YNvgs0vuNuXCMvlyJ+Fh88U1D4tah1tt6qw==",
        "dependencies": {
          "SQLitePCLRaw.core": "2.1.11"
        }
      }
    }
  }
}